
Microsoft Visual Studio Solution File, Format Version 12.00
# Visual Studio Version 16
VisualStudioVersion = 16.0.30907.101
MinimumVisualStudioVersion = 10.0.40219.1
Project("{FAE04EC0-301F-11D3-BF4B-00C04F79EFBC}") = "Kampintro", "Kampintro\Kampintro.csproj", "{61AADA48-791A-4016-8AF5-9436D523A5C7}"
EndProject
Global
	GlobalSection(SolutionConfigurationPlatforms) = preSolution
		Debug|Any CPU = Debug|Any CPU
		Release|Any CPU = Release|Any CPU
	EndGlobalSection
	GlobalSection(ProjectConfigurationPlatforms) = postSolution
		{61AADA48-791A-4016-8AF5-9436D523A5C7}.Debug|Any CPU.ActiveCfg = Debug|Any CPU
		{61AADA48-791A-4016-8AF5-9436D523A5C7}.Debug|Any CPU.Build.0 = Debug|Any CPU
		{61AADA48-791A-4016-8AF5-9436D523A5C7}.Release|Any CPU.ActiveCfg = Release|Any CPU
		{61AADA48-791A-4016-8AF5-9436D523A5C7}.Release|Any CPU.Build.0 = Release|Any CPU
	EndGlobalSection
	GlobalSection(SolutionProperties) = preSolution
		HideSolutionNode = FALSE
	EndGlobalSection
	GlobalSection(ExtensibilityGlobals) = postSolution
		SolutionGuid = {574D8C24-E3F3-4C89-A0B0-28BEA71E7365}
	EndGlobalSection
EndGlobal
